# Phase 10: exact versions of the environment that passed the test suite (2026-10-09).
# Used as pip constraints: pip install -c requirements.lock -e .[dev]
# Regenerate after a deliberate upgrade + green CI: .venv/Scripts/python -m pip freeze --exclude-editable > requirements.lock
annotated-types==0.8.0
anyio==4.15.1
ast_serialize==0.12.1
certifi==2026.7.22
cffi==2.1.1
colorama==0.4.6
cryptography==50.0.2
h11==0.16.0
httpcore==1.0.9
httpx==0.28.1
idna==3.20
iniconfig==2.3.0
librt==0.16.0
mypy==2.4.0
mypy_extensions==1.1.0
packaging==26.3
pathspec==1.1.1
pluggy==1.6.0
psutil==7.2.2
pycparser==3.1
pydantic==2.13.5
pydantic-settings==2.15.0
pydantic_core==2.46.5
Pygments==2.21.0
pytest==9.1.1
pytest-asyncio==1.4.0
python-dotenv==1.2.4
pywin32==312
ruff==0.16.10
structlog==26.1.0
types-psutil==7.2.2.20260906
types-pywin32==312.0.0.20261006
typing-inspection==0.4.4
typing_extensions==4.16.0
